Microsoft Visual Studio Solution File, Format Version 12.00
# Visual Studio Version 17
VisualStudioVersion = 17.5.2.0
MinimumVisualStudioVersion = 10.0.40219.1
Project("{FAE04EC0-301F-11D3-BF4B-00C04F79EFBC}") = "ControlePlus_BackEnd", "ControlePlus_BackEnd.csproj", "{31897C38-07A2-E155-0D5F-C27F7F2553F4}"
EndProject
Global
	GlobalSection(SolutionConfigurationPlatforms) = preSolution
		Debug|Any CPU = Debug|Any CPU
		Release|Any CPU = Release|Any CPU
	EndGlobalSection
	GlobalSection(ProjectConfigurationPlatforms) = postSolution
		{31897C38-07A2-E155-0D5F-C27F7F2553F4}.Debug|Any CPU.ActiveCfg = Debug|Any CPU
		{31897C38-07A2-E155-0D5F-C27F7F2553F4}.Debug|Any CPU.Build.0 = Debug|Any CPU
		{31897C38-07A2-E155-0D5F-C27F7F2553F4}.Release|Any CPU.ActiveCfg = Release|Any CPU
		{31897C38-07A2-E155-0D5F-C27F7F2553F4}.Release|Any CPU.Build.0 = Release|Any CPU
	EndGlobalSection
	GlobalSection(SolutionProperties) = preSolution
		HideSolutionNode = FALSE
	EndGlobalSection
	GlobalSection(ExtensibilityGlobals) = postSolution
		SolutionGuid = {1A6ABF53-94DB-4CD5-B918-6943123B3495}
	EndGlobalSection
EndGlobal
